
Microsoft Visual Studio Solution File, Format Version 12.00
# Visual Studio Version 17
VisualStudioVersion = 17.3.32901.215
MinimumVisualStudioVersion = 10.0.40219.1
Project("{FAE04EC0-301F-11D3-BF4B-00C04F79EFBC}") = "EjercicioA2.2.Android", "EjercicioA2.2\EjercicioA2.2.Android\EjercicioA2.2.Android.csproj", "{057010E9-86E7-4A6B-BE90-8657902DC5A3}"
EndProject
Project("{FAE04EC0-301F-11D3-BF4B-00C04F79EFBC}") = "EjercicioA2.2", "EjercicioA2.2\EjercicioA2.2\EjercicioA2.2.csproj", "{53C04BCA-CF41-4193-AC4F-0D4A14F97E91}"
EndProject
Global
	GlobalSection(SolutionConfigurationPlatforms) = preSolution
		Debug|Any CPU = Debug|Any CPU
		Release|Any CPU = Release|Any CPU
	EndGlobalSection
	GlobalSection(ProjectConfigurationPlatforms) = postSolution
		{057010E9-86E7-4A6B-BE90-8657902DC5A3}.Debug|Any CPU.ActiveCfg = Debug|Any CPU
		{057010E9-86E7-4A6B-BE90-8657902DC5A3}.Debug|Any CPU.Build.0 = Debug|Any CPU
		{057010E9-86E7-4A6B-BE90-8657902DC5A3}.Debug|Any CPU.Deploy.0 = Debug|Any CPU
		{057010E9-86E7-4A6B-BE90-8657902DC5A3}.Release|Any CPU.ActiveCfg = Release|Any CPU
		{057010E9-86E7-4A6B-BE90-8657902DC5A3}.Release|Any CPU.Build.0 = Release|Any CPU
		{057010E9-86E7-4A6B-BE90-8657902DC5A3}.Release|Any CPU.Deploy.0 = Release|Any CPU
		{53C04BCA-CF41-4193-AC4F-0D4A14F97E91}.Debug|Any CPU.ActiveCfg = Debug|Any CPU
		{53C04BCA-CF41-4193-AC4F-0D4A14F97E91}.Debug|Any CPU.Build.0 = Debug|Any CPU
		{53C04BCA-CF41-4193-AC4F-0D4A14F97E91}.Debug|Any CPU.Deploy.0 = Debug|Any CPU
		{53C04BCA-CF41-4193-AC4F-0D4A14F97E91}.Release|Any CPU.ActiveCfg = Release|Any CPU
		{53C04BCA-CF41-4193-AC4F-0D4A14F97E91}.Release|Any CPU.Build.0 = Release|Any CPU
		{53C04BCA-CF41-4193-AC4F-0D4A14F97E91}.Release|Any CPU.Deploy.0 = Release|Any CPU
	EndGlobalSection
	GlobalSection(SolutionProperties) = preSolution
		HideSolutionNode = FALSE
	EndGlobalSection
	GlobalSection(ExtensibilityGlobals) = postSolution
		SolutionGuid = {1AF467C8-9FEA-49B9-B0F8-545101369CF7}
	EndGlobalSection
EndGlobal
